version = 1
revision = 3
requires-python = ">=3.12, <4"

[[package]]
name = "cachetools"
version = "5.3.2"
source = { registry = "https://pypi.org/simple" }
sdist = { url = "https://files.pythonhosted.org/packages/10/21/1b6880557742c49d5b0c4dcf0cf544b441509246cdd71182e0847ac859d5/cachetools-5.3.2.tar.gz", hash = "sha256:086ee420196f7b2ab9ca2db2520aca326318b68fe5ba8bc4d49cca91add450f2", size = 26510, upload-time = "2023-10-24T18:12:04.652Z" }
wheels = [
    { url = "https://files.pythonhosted.org/packages/a2/91/2d843adb9fbd911e0da45fbf6f18ca89d07a087c3daa23e955584f90ebf4/cachetools-5.3.2-py3-none-any.whl", hash = "sha256:861f35a13a451f94e301ce2bec7cac63e881232ccce7ed67fab9b5df4d3beaa1", size = 9293, upload-time = "2023-10-24T18:12:02.088Z" },
]

[[package]]
name = "certifi"
version = "2023.11.17"
source = { registry = "https://pypi.org/simple" }
sdist = { url = "https://files.pythonhosted.org/packages/d4/91/c89518dd4fe1f3a4e3f6ab7ff23cb00ef2e8c9adf99dacc618ad5e068e28/certifi-2023.11.17.tar.gz", hash = "sha256:9b469f3a900bf28dc19b8cfbf8019bf47f7fdd1a65a1d4ffb98fc14166beb4d1", size = 163637, upload-time = "2023-11-18T02:54:02.397Z" }
wheels = [
    { url = "https://files.pythonhosted.org/packages/64/62/428ef076be88fa93716b576e4a01f919d25968913e817077a386fcbe4f42/certifi-2023.11.17-py3-none-any.whl", hash = "sha256:e036ab49d5b79556f99cfc2d9320b34cfbe5be05c5871b51de9329f0603b0474", size = 162530, upload-time = "2023-11-18T02:54:00.083Z" },
]

[[package]]
name = "charset-normalizer"
version = "3.3.2"
source = { registry = "https://pypi.org/simple" }
sdist = { url = "https://files.pythonhosted.org/packages/63/09/c1bc53dab74b1816a00d8d030de5bf98f724c52c1635e07681d312f20be8/charset-normalizer-3.3.2.tar.gz", hash = "sha256:f30c3cb33b24454a82faecaf01b19c18562b1e89558fb6c56de4d9118a032fd5", size = 104809, upload-time = "2023-11-01T04:04:59.997Z" }
wheels = [
    { url = "https://files.pythonhosted.org/packages/d1/b2/fcedc8255ec42afee97f9e6f0145c734bbe104aac28300214593eb326f1d/charset_normalizer-3.3.2-cp312-cp312-macosx_10_9_universal2.whl", hash = "sha256:0b2b64d2bb6d3fb9112bafa732def486049e63de9618b5843bcdd081d8144cd8", size = 192892, upload-time = "2023-11-01T04:03:24.135Z" },
    { url = "https://files.pythonhosted.org/packages/2e/7d/2259318c202f3d17f3fe6438149b3b9e706d1070fe3fcbb28049730bb25c/charset_normalizer-3.3.2-cp312-cp312-macosx_10_9_x86_64.whl", hash = "sha256:ddbb2551d7e0102e7252db79ba445cdab71b26640817ab1e3e3648dad515003b", size = 122213, upload-time = "2023-11-01T04:03:25.66Z" },
    { url = "https://files.pythonhosted.org/packages/3a/52/9f9d17c3b54dc238de384c4cb5a2ef0e27985b42a0e5cc8e8a31d918d48d/charset_normalizer-3.3.2-cp312-cp312-macosx_11_0_arm64.whl", hash = "sha256:55086ee1064215781fff39a1af09518bc9255b50d6333f2e4c74ca09fac6a8f6", size = 119404, upload-time = "2023-11-01T04:03:27.04Z" },
    { url = "https://files.pythonhosted.org/packages/99/b0/9c365f6d79a9f0f3c379ddb40a256a67aa69c59609608fe7feb6235896e1/charset_normalizer-3.3.2-cp312-cp312-manylinux_2_17_aarch64.manylinux2014_aarch64.whl", hash = "sha256:8f4a014bc36d3c57402e2977dada34f9c12300af536839dc38c0beab8878f38a", size = 137275, upload-time = "2023-11-01T04:03:28.466Z" },
    { url = "https://files.pythonhosted.org/packages/91/33/749df346e93d7a30cdcb90cbfdd41a06026317bfbfb62cd68307c1a3c543/charset_normalizer-3.3.2-cp312-cp312-manylinux_2_17_ppc64le.manylinux2014_ppc64le.whl", hash = "sha256:a10af20b82360ab00827f916a6058451b723b4e65030c5a18577c8b2de5b3389", size = 147518, upload-time = "2023-11-01T04:03:29.82Z" },
    { url = "https://files.pythonhosted.org/packages/72/1a/641d5c9f59e6af4c7b53da463d07600a695b9824e20849cb6eea8a627761/charset_normalizer-3.3.2-cp312-cp312-manylinux_2_17_s390x.manylinux2014_s390x.whl", hash = "sha256:8d756e44e94489e49571086ef83b2bb8ce311e730092d2c34ca8f7d925cb20aa", size = 140182, upload-time = "2023-11-01T04:03:31.511Z" },
    { url = "https://files.pythonhosted.org/packages/ee/fb/14d30eb4956408ee3ae09ad34299131fb383c47df355ddb428a7331cfa1e/charset_normalizer-3.3.2-cp312-cp312-manylinux_2_17_x86_64.manylinux2014_x86_64.whl", hash = "sha256:90d558489962fd4918143277a773316e56c72da56ec7aa3dc3dbbe20fdfed15b", size = 141869, upload-time = "2023-11-01T04:03:32.887Z" },
    { url = "https://files.pythonhosted.org/packages/df/3e/a06b18788ca2eb6695c9b22325b6fde7dde0f1d1838b1792a0076f58fe9d/charset_normalizer-3.3.2-cp312-cp312-manylinux_2_5_i686.manylinux1_i686.manylinux_2_17_i686.manylinux2014_i686.whl", hash = "sha256:6ac7ffc7ad6d040517be39eb591cac5ff87416c2537df6ba3cba3bae290c0fed", size = 144042, upload-time = "2023-11-01T04:03:34.412Z" },
    { url = "https://files.pythonhosted.org/packages/45/59/3d27019d3b447a88fe7e7d004a1e04be220227760264cc41b405e863891b/charset_normalizer-3.3.2-cp312-cp312-musllinux_1_1_aarch64.whl", hash = "sha256:7ed9e526742851e8d5cc9e6cf41427dfc6068d4f5a3bb03659444b4cabf6bc26", size = 138275, upload-time = "2023-11-01T04:03:35.759Z" },
    { url = "https://files.pythonhosted.org/packages/7b/ef/5eb105530b4da8ae37d506ccfa25057961b7b63d581def6f99165ea89c7e/charset_normalizer-3.3.2-cp312-cp312-musllinux_1_1_i686.whl", hash = "sha256:8bdb58ff7ba23002a4c5808d608e4e6c687175724f54a5dade5fa8c67b604e4d", size = 144819, upload-time = "2023-11-01T04:03:37.216Z" },
    { url = "https://files.pythonhosted.org/packages/a2/51/e5023f937d7f307c948ed3e5c29c4b7a3e42ed2ee0b8cdf8f3a706089bf0/charset_normalizer-3.3.2-cp312-cp312-musllinux_1_1_ppc64le.whl", hash = "sha256:6b3251890fff30ee142c44144871185dbe13b11bab478a88887a639655be1068", size = 149415, upload-time = "2023-11-01T04:03:38.694Z" },
    { url = "https://files.pythonhosted.org/packages/24/9d/2e3ef673dfd5be0154b20363c5cdcc5606f35666544381bee15af3778239/charset_normalizer-3.3.2-cp312-cp312-musllinux_1_1_s390x.whl", hash = "sha256:b4a23f61ce87adf89be746c8a8974fe1c823c891d8f86eb218bb957c924bb143", size = 141212, upload-time = "2023-11-01T04:03:40.07Z" },
    { url = "https://files.pythonhosted.org/packages/5b/ae/ce2c12fcac59cb3860b2e2d76dc405253a4475436b1861d95fe75bdea520/charset_normalizer-3.3.2-cp312-cp312-musllinux_1_1_x86_64.whl", hash = "sha256:efcb3f6676480691518c177e3b465bcddf57cea040302f9f4e6e191af91174d4", size = 142167, upload-time = "2023-11-01T04:03:41.491Z" },
    { url = "https://files.pythonhosted.org/packages/ed/3a/a448bf035dce5da359daf9ae8a16b8a39623cc395a2ffb1620aa1bce62b0/charset_normalizer-3.3.2-cp312-cp312-win32.whl", hash = "sha256:d965bba47ddeec8cd560687584e88cf699fd28f192ceb452d1d7ee807c5597b7", size = 93041, upload-time = "2023-11-01T04:03:42.836Z" },
    { url = "https://files.pythonhosted.org/packages/b6/7c/8debebb4f90174074b827c63242c23851bdf00a532489fba57fef3416e40/charset_normalizer-3.3.2-cp312-cp312-win_amd64.whl", hash = "sha256:96b02a3dc4381e5494fad39be677abcb5e6634bf7b4fa83a6dd3112607547001", size = 100397, upload-time = "2023-11-01T04:03:44.467Z" },
    { url = "https://files.pythonhosted.org/packages/28/76/e6222113b83e3622caa4bb41032d0b1bf785250607392e1b778aca0b8a7d/charset_normalizer-3.3.2-py3-none-any.whl", hash = "sha256:3e4d1f6587322d2788836a99c69062fbb091331ec940e02d12d179c1d53e25fc", size = 48543, upload-time = "2023-11-01T04:04:58.622Z" },
]

[[package]]
name = "colorama"
version = "0.4.6"
source = { registry = "https://pypi.org/simple" }
sdist = { url = "https://files.pythonhosted.org/packages/d8/53/6f443c9a4a8358a93a6792e2acffb9d9d5cb0a5cfd8802644b7b1c9a02e4/colorama-0.4.6.tar.gz", hash = "sha256:08695f5cb7ed6e0531a20572697297273c47b8cae5a63ffc6d6ed5c201be6e44", size = 27697, upload-time = "2022-10-25T02:36:22.414Z" }
wheels = [
    { url = "https://files.pythonhosted.org/packages/d1/d6/3965ed04c63042e047cb6a3e6ed1a63a35087b6a609aa3a15ed8ac56c221/colorama-0.4.6-py2.py3-none-any.whl", hash = "sha256:4f1d9991f5acc0ca119f9d443620b77f9d6b33703e51011c16baf57afb285fc6", size = 25335, upload-time = "2022-10-25T02:36:20.889Z" },
]

[[package]]
name = "evchargestation-optimizer"
version = "0.1.0"
source = { editable = "." }
dependencies = [
    { name = "google-api-core" },
    { name = "google-cloud-storage" },
    { name = "google-maps-places" },
    { name = "google-maps-routing" },
    { name = "numpy" },
    { name = "pandas" },
]

[package.dev-dependencies]
dev = [
    { name = "pytest" },
    { name = "python-dotenv" },
]

[package.metadata]
requires-dist = [
    { name = "google-api-core", specifier = ">=2.15.0,<3" },
    { name = "google-cloud-storage", specifier = ">=2.14.0,<3" },
    { name = "google-maps-places", specifier = ">=0.1.6,<0.2" },
    { name = "google-maps-routing", specifier = ">=0.6.3,<0.7" },
    { name = "numpy", specifier = ">=1.26.2,<2" },
    { name = "pandas", specifier = ">=2.1.4,<3" },
]

[package.metadata.requires-dev]
dev = [
    { name = "pytest", specifier = ">=7.4.3,<8" },
    { name = "python-dotenv", specifier = ">=1.0.0,<2" },
]

[[package]]
name = "google-api-core"
version = "2.15.0"
source = { registry = "https://pypi.org/simple" }
dependencies = [
    { name = "google-auth" },
    { name = "googleapis-common-protos" },
    { name = "protobuf" },
    { name = "requests" },
]
sdist = { url = "https://files.pythonhosted.org/packages/2c/e4/56b14d35057a23cab9067dd8fb841407d05d32b5d6c7a3c66c1360e8a7c0/google-api-core-2.15.0.tar.gz", hash = "sha256:abc978a72658f14a2df1e5e12532effe40f94f868f6e23d95133bd6abcca35ca", size = 133161, upload-time = "2023-12-07T16:38:28.155Z" }
wheels = [
    { url = "https://files.pythonhosted.org/packages/d6/c9/0462f037b62796fbda4801be62d0ae3147eaeb99e2939661580c98abe3eb/google_api_core-2.15.0-py3-none-any.whl", hash = "sha256:2aa56d2be495551e66bbff7f729b790546f87d5c90e74781aa77233bcb395a8a", size = 121966, upload-time = "2023-12-07T16:38:25.65Z" },
]

[package.optional-dependencies]
grpc = [
    { name = "grpcio" },
    { name = "grpcio-status" },
]

[[package]]
name = "google-auth"
version = "2.25.1"
source = { registry = "https://pypi.org/simple" }
dependencies = [
    { name = "cachetools" },
    { name = "pyasn1-modules" },
    { name = "rsa" },
]
sdist = { url = "https://files.pythonhosted.org/packages/29/cf/c34598e601223a049cdefb343c4958a7ebfe4663c689e8efe8d24fe8c33f/google-auth-2.25.1.tar.gz", hash = "sha256:d5d66b8f4f6e3273740d7bb73ddefa6c2d1ff691704bd407d51c6b5800e7c97b", size = 235616, upload-time = "2023-12-06T01:45:06.514Z" }
wheels = [
    { url = "https://files.pythonhosted.org/packages/1f/eb/29123fbd92e4cb25d24713ab5d26ea74e02ce04290edc7c35356441de4f2/google_auth-2.25.1-py2.py3-none-any.whl", hash = "sha256:dfd7b44935d498e106c08883b2dac0ad36d8aa10402a6412e9a1c9d74b4773f1", size = 184197, upload-time = "2023-12-06T01:45:03.117Z" },
]

[[package]]
name = "google-cloud-core"
version = "2.4.1"
source = { registry = "https://pypi.org/simple" }
dependencies = [
    { name = "google-api-core" },
    { name = "google-auth" },
]
sdist = { url = "https://files.pythonhosted.org/packages/b8/1f/9d1e0ba6919668608570418a9a51e47070ac15aeff64261fb092d8be94c0/google-cloud-core-2.4.1.tar.gz", hash = "sha256:9b7749272a812bde58fff28868d0c5e2f585b82f37e09a1f6ed2d4d10f134073", size = 35587, upload-time = "2023-12-07T21:12:32.127Z" }
wheels = [
    { url = "https://files.pythonhosted.org/packages/5e/0f/2e2061e3fbcb9d535d5da3f58cc8de4947df1786fe6a1355960feb05a681/google_cloud_core-2.4.1-py2.py3-none-any.whl", hash = "sha256:a9e6a4422b9ac5c29f79a0ede9485473338e2ce78d91f2370c01e730eab22e61", size = 29233, upload-time = "2023-12-07T21:12:29.894Z" },
]

[[package]]
name = "google-cloud-storage"
version = "2.14.0"
source = { registry = "https://pypi.org/simple" }
dependencies = [
    { name = "google-api-core" },
    { name = "google-auth" },
    { name = "google-cloud-core" },
    { name = "google-crc32c" },
    { name = "google-resumable-media" },
    { name = "requests" },
]
sdist = { url = "https://files.pythonhosted.org/packages/16/88/fc34f8c177ad56408d42f4b54c10402366d309737fae206d59fa16a4a27a/google-cloud-storage-2.14.0.tar.gz", hash = "sha256:2d23fcf59b55e7b45336729c148bb1c464468c69d5efbaee30f7201dd90eb97e", size = 5518229, upload-time = "2023-12-12T19:05:31.871Z" }
wheels = [
    { url = "https://files.pythonhosted.org/packages/3d/48/574463fbf30c7021341ab0620e56103a8c49ad864bdd177935306c057986/google_cloud_storage-2.14.0-py2.py3-none-any.whl", hash = "sha256:8641243bbf2a2042c16a6399551fbb13f062cbc9a2de38d6c0bb5426962e9dbd", size = 121579, upload-time = "2023-12-12T19:05:28.038Z" },
]

[[package]]
name = "google-crc32c"
version = "1.5.0"
source = { registry = "https://pypi.org/simple" }
sdist = { url = "https://files.pythonhosted.org/packages/d3/a5/4bb58448fffd36ede39684044df93a396c13d1ea3516f585767f9f960352/google-crc32c-1.5.0.tar.gz", hash = "sha256:89284716bc6a5a415d4eaa11b1726d2d60a0cd12aadf5439828353662ede9dd7", size = 12689, upload-time = "2022-09-01T14:33:40.108Z" }

[[package]]
name = "google-geo-type"
version = "0.3.4"
source = { registry = "https://pypi.org/simple" }
dependencies = [
    { name = "google-api-core", extra = ["grpc"] },
    { name = "proto-plus" },
    { name = "protobuf" },
]
sdist = { url = "https://files.pythonhosted.org/packages/89/11/c3c0797785d58be503f7b1ef9a5036576e6dbb4e8be42e364e07657493bc/google-geo-type-0.3.4.tar.gz", hash = "sha256:ad028462db6378ea850d7d72b3a69ddb3edf6c63afc933d3d35446e78e31653f", size = 10781, upload-time = "2023-12-07T20:18:03.157Z" }
wheels = [
    { url = "https://files.pythonhosted.org/packages/92/14/9f10d7af46e11fcd252e452b35fa8e327293b1c8abb24b0c065c23d61a38/google_geo_type-0.3.4-py3-none-any.whl", hash = "sha256:b8d8684c1e6a32e2ce0f4d569cdfd91656543ee6a77c8eb88b9e3455b56e536f", size = 11188, upload-time = "2023-12-07T20:18:01.619Z" },
]

[[package]]
name = "google-maps-places"
version = "0.1.6"
source = { registry = "https://pypi.org/simple" }
dependencies = [
    { name = "google-api-core", extra = ["grpc"] },
    { name = "google-geo-type" },
    { name = "proto-plus" },
    { name = "protobuf" },
]
sdist = { url = "https://files.pythonhosted.org/packages/cc/39/bb93f17f83a5609375dc77f9bffc80160d46a1e8706600ed6935682ebbe8/google-maps-places-0.1.6.tar.gz", hash = "sha256:f0c501baf5b61b5b1174055d9af739d1047bc7b18021c17bca21148449c0fe3a", size = 54024, upload-time = "2023-12-07T21:49:53.731Z" }
wheels = [
    { url = "https://files.pythonhosted.org/packages/66/18/a7af25f9b2437bd572e769da184c60f1b74254277b34d236366d5afcc310/google_maps_places-0.1.6-py3-none-any.whl", hash = "sha256:32829c1397bdc43aa0081aadfb713e0f03aaf45bb3e83bc6e64868af0d33c80c", size = 62147, upload-time = "2023-12-07T21:49:52.38Z" },
]

[[package]]
name = "google-maps-routing"
version = "0.6.3"
source = { registry = "https://pypi.org/simple" }
dependencies = [
    { name = "google-api-core", extra = ["grpc"] },
    { name = "google-geo-type" },
    { name = "proto-plus" },
    { name = "protobuf" },
]
sdist = { url = "https://files.pythonhosted.org/packages/35/bb/25e96ab2ee44cdef1b5f8839852582e0faf9bddc9ea3b8c9d0fb31af641c/google-maps-routing-0.6.3.tar.gz", hash = "sha256:feed8fa6788b63d16d4cb05b08d5d07e9fef296aa6ba7568adeb9da6748cc8a5", size = 57829, upload-time = "2023-12-07T20:18:31.882Z" }
wheels = [
    { url = "https://files.pythonhosted.org/packages/ee/5f/8acb4a3febc09ee967d3673c0a4728e2368200c2a53defbf96ebde98cd82/google_maps_routing-0.6.3-py3-none-any.whl", hash = "sha256:cba72e3ef32394c1455cb39f1c29e41079ed3da5de0357c7dc82cd55465f8099", size = 85043, upload-time = "2023-12-07T20:18:30.475Z" },
]

[[package]]
name = "google-resumable-media"
version = "2.7.0"
source = { registry = "https://pypi.org/simple" }
dependencies = [
    { name = "google-crc32c" },
]
sdist = { url = "https://files.pythonhosted.org/packages/c1/78/638c9ab69571db4f7ec022383ce13ff8d0cea5b8afc168a51bb0e9353c10/google-resumable-media-2.7.0.tar.gz", hash = "sha256:5f18f5fa9836f4b083162064a1c2c98c17239bfda9ca50ad970ccf905f3e625b", size = 2162281, upload-time = "2023-12-12T19:03:32.556Z" }
wheels = [
    { url = "https://files.pythonhosted.org/packages/b2/c6/1202ef64a9336d846f713107dac1c7a0b016cb3840ca3d5615c7005a23d1/google_resumable_media-2.7.0-py2.py3-none-any.whl", hash = "sha256:79543cfe433b63fd81c0844b7803aba1bb8950b47bedf7d980c38fa123937e08", size = 80647, upload-time = "2023-12-12T19:03:29.77Z" },
]

[[package]]
name = "googleapis-common-protos"
version = "1.62.0"
source = { registry = "https://pypi.org/simple" }
dependencies = [
    { name = "protobuf" },
]
sdist = { url = "https://files.pythonhosted.org/packages/4a/5f/eb12d721b45d20a977289d674e179995a0ddab1684d2c61b29a63d43a5f1/googleapis-common-protos-1.62.0.tar.gz", hash = "sha256:83f0ece9f94e5672cced82f592d2a5edf527a96ed1794f0bab36d5735c996277", size = 121172, upload-time = "2023-12-07T19:19:08.002Z" }
wheels = [
    { url = "https://files.pythonhosted.org/packages/f0/43/c9d8f75ddf08e2a0a27db243c13a700c3cc7ec615b545b697cf6f715ad92/googleapis_common_protos-1.62.0-py2.py3-none-any.whl", hash = "sha256:4750113612205514f9f6aa4cb00d523a94f3e8c06c5ad2fee466387dc4875f07", size = 228660, upload-time = "2023-12-07T19:19:06.149Z" },
]

[[package]]
name = "grpcio"
version = "1.60.0"
source = { registry = "https://pypi.org/simple" }
sdist = { url = "https://files.pythonhosted.org/packages/61/38/c615b5c2be690fb31871f294cc08a96e598b085b8d07c5967a5018e0b90c/grpcio-1.60.0.tar.gz", hash = "sha256:2199165a1affb666aa24adf0c97436686d0a61bc5fc113c037701fb7c7fceb96", size = 24766390, upload-time = "2023-12-07T19:00:15.486Z" }
wheels = [
    { url = "https://files.pythonhosted.org/packages/61/f9/e3c4b4a879096fe608d75e2a5b4b3790baa91137c5d5da259f98128d2f86/grpcio-1.60.0-cp312-cp312-linux_armv7l.whl", hash = "sha256:a7152fa6e597c20cb97923407cf0934e14224af42c2b8d915f48bc3ad2d9ac18", size = 100617931, upload-time = "2023-12-07T18:54:31.309Z" },
    { url = "https://files.pythonhosted.org/packages/dd/7d/5005318879231a879be0d33c588400941aee08ea8b5b45d3a9061d6bf0fb/grpcio-1.60.0-cp312-cp312-macosx_10_10_universal2.whl", hash = "sha256:7db16dd4ea1b05ada504f08d0dca1cd9b926bed3770f50e715d087c6f00ad748", size = 9612074, upload-time = "2023-12-07T18:54:37.073Z" },
    { url = "https://files.pythonhosted.org/packages/f1/b5/93ea03649a8315fe00b11871bb7fa807e1ee22d14f5c4de2fbc288c6cd37/grpcio-1.60.0-cp312-cp312-manylinux_2_17_aarch64.whl", hash = "sha256:b0571a5aef36ba9177e262dc88a9240c866d903a62799e44fd4aae3f9a2ec17e", size = 5061795, upload-time = "2023-12-07T18:54:41.097Z" },
    { url = "https://files.pythonhosted.org/packages/c9/b8/91b5b56f7812372bd51342126f0184a1a604723b0f58466ac20c2dcef63a/grpcio-1.60.0-cp312-cp312-manylinux_2_17_i686.manylinux2014_i686.whl", hash = "sha256:6fd9584bf1bccdfff1512719316efa77be235469e1e3295dce64538c4773840b", size = 5566289, upload-time = "2023-12-07T18:54:44.731Z" },
    { url = "https://files.pythonhosted.org/packages/d7/2e/3337baee24c902d9e82f1eac00bc9dca106934763c4cd0faf819ef01b96b/grpcio-1.60.0-cp312-cp312-manylinux_2_17_x86_64.manylinux2014_x86_64.whl", hash = "sha256:d6a478581b1a1a8fdf3318ecb5f4d0cda41cacdffe2b527c23707c9c1b8fdb55", size = 5300194, upload-time = "2023-12-07T18:54:48.259Z" },
    { url = "https://files.pythonhosted.org/packages/8c/ea/b1229842677f5b712f72760d1633cf36813ec121c986454d6eba6de22093/grpcio-1.60.0-cp312-cp312-musllinux_1_1_i686.whl", hash = "sha256:77c8a317f0fd5a0a2be8ed5cbe5341537d5c00bb79b3bb27ba7c5378ba77dbca", size = 5852832, upload-time = "2023-12-07T18:54:51.118Z" },
    { url = "https://files.pythonhosted.org/packages/05/dc/c641498f09246a61ebe7a721888edf772e2ecdfd524e25ac61e27352d9d3/grpcio-1.60.0-cp312-cp312-musllinux_1_1_x86_64.whl", hash = "sha256:1c30bb23a41df95109db130a6cc1b974844300ae2e5d68dd4947aacba5985aa5", size = 5555224, upload-time = "2023-12-07T18:54:54.663Z" },
    { url = "https://files.pythonhosted.org/packages/4d/a3/0f07d9fdb9dddce85bbcc671bf49ed3c73301dfc3108ed4ab3212d55ef13/grpcio-1.60.0-cp312-cp312-win32.whl", hash = "sha256:2aef56e85901c2397bd557c5ba514f84de1f0ae5dd132f5d5fed042858115951", size = 3111209, upload-time = "2023-12-07T18:54:57.294Z" },
    { url = "https://files.pythonhosted.org/packages/73/99/a7b768c6a9873b6f450476bfa389eeef877f152aeb443bec2bd91d9fb5a2/grpcio-1.60.0-cp312-cp312-win_amd64.whl", hash = "sha256:e381fe0c2aa6c03b056ad8f52f8efca7be29fb4d9ae2f8873520843b6039612a", size = 3691893, upload-time = "2023-12-07T18:55:00.164Z" },
]

[[package]]
name = "grpcio-status"
version = "1.60.0"
source = { registry = "https://pypi.org/simple" }
dependencies = [
    { name = "googleapis-common-protos" },
    { name = "grpcio" },
    { name = "protobuf" },
]
sdist = { url = "https://files.pythonhosted.org/packages/2a/38/0cd65d29f8fe0b5efaef60a0664885b5457a566b1a531d3e6b76a8bb0f21/grpcio-status-1.60.0.tar.gz", hash = "sha256:f10e0b6db3adc0fdc244b71962814ee982996ef06186446b5695b9fa635aa1ab", size = 13546, upload-time = "2023-12-07T19:00:28.884Z" }
wheels = [
    { url = "https://files.pythonhosted.org/packages/d9/bd/f46d6511088f314cfedc880721fd32d387b8513b22da01cf4771d7439a2b/grpcio_status-1.60.0-py3-none-any.whl", hash = "sha256:7d383fa36e59c1e61d380d91350badd4d12ac56e4de2c2b831b050362c3c572e", size = 14448, upload-time = "2023-12-07T18:56:58.47Z" },
]

[[package]]
name = "idna"
version = "3.6"
source = { registry = "https://pypi.org/simple" }
sdist = { url = "https://files.pythonhosted.org/packages/bf/3f/ea4b9117521a1e9c50344b909be7886dd00a519552724809bb1f486986c2/idna-3.6.tar.gz", hash = "sha256:9ecdbbd083b06798ae1e86adcbfe8ab1479cf864e4ee30fe4e46a003d12491ca", size = 175426, upload-time = "2023-11-25T15:40:54.902Z" }
wheels = [
    { url = "https://files.pythonhosted.org/packages/c2/e7/a82b05cf63a603df6e68d59ae6a68bf5064484a0718ea5033660af4b54a9/idna-3.6-py3-none-any.whl", hash = "sha256:c05567e9c24a6b9faaa835c4821bad0590fbb9d5779e7caa6e1cc4978e7eb24f", size = 61567, upload-time = "2023-11-25T15:40:52.604Z" },
]

[[package]]
name = "iniconfig"
version = "2.0.0"
source = { registry = "https://pypi.org/simple" }
sdist = { url = "https://files.pythonhosted.org/packages/d7/4b/cbd8e699e64a6f16ca3a8220661b5f83792b3017d0f79807cb8708d33913/iniconfig-2.0.0.tar.gz", hash = "sha256:2d91e135bf72d31a410b17c16da610a82cb55f6b0477d1a902134b24a455b8b3", size = 4646, upload-time = "2023-01-07T11:08:11.254Z" }
wheels = [
    { url = "https://files.pythonhosted.org/packages/ef/a6/62565a6e1cf69e10f5727360368e451d4b7f58beeac6173dc9db836a5b46/iniconfig-2.0.0-py3-none-any.whl", hash = "sha256:b6a85871a79d2e3b22d2d1b94ac2824226a63c6b741c88f7ae975f18b6778374", size = 5892, upload-time = "2023-01-07T11:08:09.864Z" },
]

[[package]]
name = "numpy"
version = "1.26.2"
source = { registry = "https://pypi.org/simple" }
sdist = { url = "https://files.pythonhosted.org/packages/dd/2b/205ddff2314d4eea852e31d53b8e55eb3f32b292efc3dd86bd827ab9019d/numpy-1.26.2.tar.gz", hash = "sha256:f65738447676ab5777f11e6bbbdb8ce11b785e105f690bc45966574816b6d3ea", size = 15664248, upload-time = "2023-11-12T23:17:31.386Z" }
wheels = [
    { url = "https://files.pythonhosted.org/packages/b1/97/6694e0855b11be0fd8598d484c09edd876ec738a8741025dee072f026c33/numpy-1.26.2-cp312-cp312-macosx_10_9_x86_64.whl", hash = "sha256:a4cd6ed4a339c21f1d1b0fdf13426cb3b284555c27ac2f156dfdaaa7e16bfab0", size = 20323012, upload-time = "2023-11-12T23:02:57.091Z" },
    { url = "https://files.pythonhosted.org/packages/2a/17/1fdc154e75d24d8c20c42b71bae1b5cf752453f0fc3a2504bbb810293dd1/numpy-1.26.2-cp312-cp312-macosx_11_0_arm64.whl", hash = "sha256:5d5244aabd6ed7f312268b9247be47343a654ebea52a60f002dc70c769048e75", size = 13675818, upload-time = "2023-11-12T23:03:32.823Z" },
    { url = "https://files.pythonhosted.org/packages/a1/42/a2819c5b77fe6506662ffc13b767e0c216c02f75ae840219013ab822a473/numpy-1.26.2-cp312-cp312-manylinux_2_17_aarch64.manylinux2014_aarch64.whl", hash = "sha256:6a3cdb4d9c70e6b8c0814239ead47da00934666f668426fc6e94cce869e13fd7", size = 13917117, upload-time = "2023-11-12T23:03:59.013Z" },
    { url = "https://files.pythonhosted.org/packages/04/89/3b831e2b50c9364069609d1335f46c488a149d5f2be14a08741c92a60009/numpy-1.26.2-cp312-cp312-manylinux_2_17_x86_64.manylinux2014_x86_64.whl", hash = "sha256:aa317b2325f7aa0a9471663e6093c210cb2ae9c0ad824732b307d2c51983d5b6", size = 17938212, upload-time = "2023-11-12T23:04:32.896Z" },
    { url = "https://files.pythonhosted.org/packages/02/51/f078f1e7f658022150e7c8d5f99d505b40812840349d54667f98bb915b26/numpy-1.26.2-cp312-cp312-musllinux_1_1_aarch64.whl", hash = "sha256:174a8880739c16c925799c018f3f55b8130c1f7c8e75ab0a6fa9d41cab092fd6", size = 13564269, upload-time = "2023-11-12T23:05:31.101Z" },
    { url = "https://files.pythonhosted.org/packages/8c/9f/2f5c6b5f63cf006e6190bf750ade791d1fee353bab654bbde2f83a3ab92e/numpy-1.26.2-cp312-cp312-musllinux_1_1_x86_64.whl", hash = "sha256:f79b231bf5c16b1f39c7f4875e1ded36abee1591e98742b05d8a0fb55d8a3eec", size = 17774512, upload-time = "2023-11-12T23:06:03.941Z" },
    { url = "https://files.pythonhosted.org/packages/51/7d/6181c8778cdb15ba0a4959bb72dcc1854c89ca4824481f224c6faf7024e1/numpy-1.26.2-cp312-cp312-win32.whl", hash = "sha256:4a06263321dfd3598cacb252f51e521a8cb4b6df471bb12a7ee5cbab20ea9167", size = 19962368, upload-time = "2023-11-12T23:06:51.561Z" },
    { url = "https://files.pythonhosted.org/packages/28/75/3b679b41713bb60e2e8f6e2f87be72c971c9e718b1c17b8f8749240ddca8/numpy-1.26.2-cp312-cp312-win_amd64.whl", hash = "sha256:b04f5dc6b3efdaab541f7857351aac359e6ae3c126e2edb376929bd3b7f92d7e", size = 15504951, upload-time = "2023-11-12T23:07:33.828Z" },
]

[[package]]
name = "packaging"
version = "23.2"
source = { registry = "https://pypi.org/simple" }
sdist = { url = "https://files.pythonhosted.org/packages/fb/2b/9b9c33ffed44ee921d0967086d653047286054117d584f1b1a7c22ceaf7b/packaging-23.2.tar.gz", hash = "sha256:048fb0e9405036518eaaf48a55953c750c11e1a1b68e0dd1a9d62ed0c092cfc5", size = 146714, upload-time = "2023-10-01T13:50:05.279Z" }
wheels = [
    { url = "https://files.pythonhosted.org/packages/ec/1a/610693ac4ee14fcdf2d9bf3c493370e4f2ef7ae2e19217d7a237ff42367d/packaging-23.2-py3-none-any.whl", hash = "sha256:8c491190033a9af7e1d931d0b5dacc2ef47509b34dd0de67ed209b5203fc88c7", size = 53011, upload-time = "2023-10-01T13:50:03.745Z" },
]

[[package]]
name = "pandas"
version = "2.1.4"
source = { registry = "https://pypi.org/simple" }
dependencies = [
    { name = "numpy" },
    { name = "python-dateutil" },
    { name = "pytz" },
    { name = "tzdata" },
]
sdist = { url = "https://files.pythonhosted.org/packages/6f/41/eb562668eaf93790762f600536b28c97b45803cba9253cd8e436cda96aef/pandas-2.1.4.tar.gz", hash = "sha256:fcb68203c833cc735321512e13861358079a96c174a61f5116a1de89c58c0ef7", size = 4274800, upload-time = "2023-12-08T15:38:29.713Z" }
wheels = [
    { url = "https://files.pythonhosted.org/packages/f5/16/64109832ed426d5c3e9f6b791e64a2b78d785823657640afb8f416ed1dc9/pandas-2.1.4-cp312-cp312-macosx_10_9_x86_64.whl", hash = "sha256:482d5076e1791777e1571f2e2d789e940dedd927325cc3cb6d0800c6304082f6", size = 11357488, upload-time = "2023-12-08T15:37:48.717Z" },
    { url = "https://files.pythonhosted.org/packages/0b/e0/8d97c7ecd73624f4cd5755578990b3cfbc6bbe350b8e017ede3580173a6f/pandas-2.1.4-cp312-cp312-macosx_11_0_arm64.whl", hash = "sha256:8a706cfe7955c4ca59af8c7a0517370eafbd98593155b48f10f9811da440248b", size = 10613199, upload-time = "2023-12-08T15:37:51.808Z" },
    { url = "https://files.pythonhosted.org/packages/54/be/98b894bef9acfc310de70fc03524473a9695981e1e87c7afa56ada08f016/pandas-2.1.4-cp312-cp312-manylinux_2_17_aarch64.manylinux2014_aarch64.whl", hash = "sha256:b0513a132a15977b4a5b89aabd304647919bc2169eac4c8536afb29c07c23540", size = 14288250, upload-time = "2023-12-08T15:37:55.263Z" },
    { url = "https://files.pythonhosted.org/packages/5b/5f/076b1ce74f80df0a9db244d30e30c4d4dee45342cbfa5f3e01f64cadf663/pandas-2.1.4-cp312-cp312-manylinux_2_17_x86_64.manylinux2014_x86_64.whl", hash = "sha256:e9f17f2b6fc076b2a0078862547595d66244db0f41bf79fc5f64a5c4d635bead", size = 11673138, upload-time = "2023-12-08T15:37:59.209Z" },
    { url = "https://files.pythonhosted.org/packages/cc/a8/13dced3276ea4514909a80c8dd08b43ab23007b4949701e3d7ae2a8ccd2d/pandas-2.1.4-cp312-cp312-musllinux_1_1_x86_64.whl", hash = "sha256:45d63d2a9b1b37fa6c84a68ba2422dc9ed018bdaa668c7f47566a01188ceeec1", size = 12389903, upload-time = "2023-12-08T15:38:02.655Z" },
    { url = "https://files.pythonhosted.org/packages/ae/d9/3741b344f57484b423cd22194025a8489992ad9962196a62721ef9980045/pandas-2.1.4-cp312-cp312-win_amd64.whl", hash = "sha256:f69b0c9bb174a2342818d3e2778584e18c740d56857fc5cdb944ec8bbe4082cf", size = 10498689, upload-time = "2023-12-08T15:38:05.834Z" },
]

[[package]]
name = "pluggy"
version = "1.3.0"
source = { registry = "https://pypi.org/simple" }
sdist = { url = "https://files.pythonhosted.org/packages/36/51/04defc761583568cae5fd533abda3d40164cbdcf22dee5b7126ffef68a40/pluggy-1.3.0.tar.gz", hash = "sha256:cf61ae8f126ac6f7c451172cf30e3e43d3ca77615509771b3a984a0730651e12", size = 63670, upload-time = "2023-08-26T19:10:20.544Z" }
wheels = [
    { url = "https://files.pythonhosted.org/packages/05/b8/42ed91898d4784546c5f06c60506400548db3f7a4b3fb441cba4e5c17952/pluggy-1.3.0-py3-none-any.whl", hash = "sha256:d89c696a773f8bd377d18e5ecda92b7a3793cbe66c87060a6fb58c7b6e1061f7", size = 18934, upload-time = "2023-08-26T19:10:18.887Z" },
]

[[package]]
name = "proto-plus"
version = "1.23.0"
source = { registry = "https://pypi.org/simple" }
dependencies = [
    { name = "protobuf" },
]
sdist = { url = "https://files.pythonhosted.org/packages/91/2d/8c7fa3011928b024b10b80878160bf4e374eccb822a5d090f3ebcf175f6a/proto-plus-1.23.0.tar.gz", hash = "sha256:89075171ef11988b3fa157f5dbd8b9cf09d65fffee97e29ce403cd8defba19d2", size = 54174, upload-time = "2023-12-07T19:18:08.916Z" }
wheels = [
    { url = "https://files.pythonhosted.org/packages/ad/41/7361075f3a31dcd05a6a38cfd807a6eecbfb6dbfe420d922cd400fc03ac1/proto_plus-1.23.0-py3-none-any.whl", hash = "sha256:a829c79e619e1cf632de091013a4173deed13a55f326ef84f05af6f50ff4c82c", size = 48776, upload-time = "2023-12-07T19:18:06.168Z" },
]

[[package]]
name = "protobuf"
version = "4.25.1"
source = { registry = "https://pypi.org/simple" }
sdist = { url = "https://files.pythonhosted.org/packages/59/5f/b2d00e6a08d97656a27832d4d146e03ffc46ae74b4699740674bea13a905/protobuf-4.25.1.tar.gz", hash = "sha256:57d65074b4f5baa4ab5da1605c02be90ac20c8b40fb137d6a8df9f416b0d0ce2", size = 380275, upload-time = "2023-11-15T23:30:19.811Z" }
wheels = [
    { url = "https://files.pythonhosted.org/packages/b2/88/dab1332a8488cacd720c145980ee4592fa70bf84f2a9a92e438868fc64bc/protobuf-4.25.1-cp310-abi3-win32.whl", hash = "sha256:193f50a6ab78a970c9b4f148e7c750cfde64f59815e86f686c22e26b4fe01ce7", size = 392412, upload-time = "2023-11-15T23:29:56.33Z" },
    { url = "https://files.pythonhosted.org/packages/fe/6b/7f177e8d6fe4caa14f4065433af9f879d4fab84f0d17dcba7b407f6bd808/protobuf-4.25.1-cp310-abi3-win_amd64.whl", hash = "sha256:3497c1af9f2526962f09329fd61a36566305e6c72da2590ae0d7d1322818843b", size = 413407, upload-time = "2023-11-15T23:29:59.538Z" },
    { url = "https://files.pythonhosted.org/packages/e6/db/7b2edc72807d45d72f9db42f3eb86ddaf37f9e55d923159b1dbfc9d835bc/protobuf-4.25.1-cp37-abi3-macosx_10_9_universal2.whl", hash = "sha256:0bf384e75b92c42830c0a679b0cd4d6e2b36ae0cf3dbb1e1dfdda48a244f4bcd", size = 394164, upload-time = "2023-11-15T23:30:01.945Z" },
    { url = "https://files.pythonhosted.org/packages/f2/74/41037079732f1976616356acc13bddceacd5d0c60d77ce3b4c79ba230d27/protobuf-4.25.1-cp37-abi3-manylinux2014_aarch64.whl", hash = "sha256:0f881b589ff449bf0b931a711926e9ddaad3b35089cc039ce1af50b21a4ae8cb", size = 293702, upload-time = "2023-11-15T23:30:04.689Z" },
    { url = "https://files.pythonhosted.org/packages/ae/5b/7ed02a9b8e752c8f7bca8661779c0275b9e3e6a903a3045e6da51f796dda/protobuf-4.25.1-cp37-abi3-manylinux2014_x86_64.whl", hash = "sha256:ca37bf6a6d0046272c152eea90d2e4ef34593aaa32e8873fc14c16440f22d4b7", size = 294614, upload-time = "2023-11-15T23:30:06.609Z" },
    { url = "https://files.pythonhosted.org/packages/57/6b/cb08c28a90375e18aa80913253135b5fb6e6b1ff5c1472ba833836540f16/protobuf-4.25.1-py3-none-any.whl", hash = "sha256:a19731d5e83ae4737bb2a089605e636077ac001d18781b3cf489b9546c7c80d6", size = 156468, upload-time = "2023-11-15T23:30:17.72Z" },
]

[[package]]
name = "pyasn1"
version = "0.5.1"
source = { registry = "https://pypi.org/simple" }
sdist = { url = "https://files.pythonhosted.org/packages/ce/dc/996e5446a94627fe8192735c20300ca51535397e31e7097a3cc80ccf78b7/pyasn1-0.5.1.tar.gz", hash = "sha256:6d391a96e59b23130a5cfa74d6fd7f388dbbe26cc8f1edf39fdddf08d9d6676c", size = 147134, upload-time = "2023-11-20T20:53:01.453Z" }
wheels = [
    { url = "https://files.pythonhosted.org/packages/d1/75/4686d2872bf2fc0b37917cbc8bbf0dd3a5cdb0990799be1b9cbf1e1eb733/pyasn1-0.5.1-py2.py3-none-any.whl", hash = "sha256:4439847c58d40b1d0a573d07e3856e95333f1976294494c325775aeca506eb58", size = 84930, upload-time = "2023-11-20T20:52:56.135Z" },
]

[[package]]
name = "pyasn1-modules"
version = "0.3.0"
source = { registry = "https://pypi.org/simple" }
dependencies = [
    { name = "pyasn1" },
]
sdist = { url = "https://files.pythonhosted.org/packages/3b/e4/7dec823b1b5603c5b3c51e942d5d9e65efd6ff946e713a325ed4146d070f/pyasn1_modules-0.3.0.tar.gz", hash = "sha256:5bd01446b736eb9d31512a30d46c1ac3395d676c6f3cafa4c03eb54b9925631c", size = 307901, upload-time = "2023-04-20T01:31:22.369Z" }
wheels = [
    { url = "https://files.pythonhosted.org/packages/cd/8e/bea464350e1b8c6ed0da3a312659cb648804a08af6cacc6435867f74f8bd/pyasn1_modules-0.3.0-py2.py3-none-any.whl", hash = "sha256:d3ccd6ed470d9ffbc716be08bd90efbd44d0734bc9303818f7336070984a162d", size = 181306, upload-time = "2023-04-20T01:30:05.837Z" },
]

[[package]]
name = "pytest"
version = "7.4.3"
source = { registry = "https://pypi.org/simple" }
dependencies = [
    { name = "colorama", marker = "sys_platform == 'win32'" },
    { name = "iniconfig" },
    { name = "packaging" },
    { name = "pluggy" },
]
sdist = { url = "https://files.pythonhosted.org/packages/38/d4/174f020da50c5afe9f5963ad0fc5b56a4287e3586e3de5b3c8bce9c547b4/pytest-7.4.3.tar.gz", hash = "sha256:d989d136982de4e3b29dabcc838ad581c64e8ed52c11fbe86ddebd9da0818cd5", size = 1356179, upload-time = "2023-10-24T19:23:16.858Z" }
wheels = [
    { url = "https://files.pythonhosted.org/packages/f3/8c/f16efd81ca8e293b2cc78f111190a79ee539d0d5d36ccd49975cb3beac60/pytest-7.4.3-py3-none-any.whl", hash = "sha256:0d009c083ea859a71b76adf7c1d502e4bc170b80a8ef002da5806527b9591fac", size = 325075, upload-time = "2023-10-24T19:23:14.124Z" },
]

[[package]]
name = "python-dateutil"
version = "2.8.2"
source = { registry = "https://pypi.org/simple" }
dependencies = [
    { name = "six" },
]
sdist = { url = "https://files.pythonhosted.org/packages/4c/c4/13b4776ea2d76c115c1d1b84579f3764ee6d57204f6be27119f13a61d0a9/python-dateutil-2.8.2.tar.gz", hash = "sha256:0123cacc1627ae19ddf3c27a5de5bd67ee4586fbdd6440d9748f8abb483d3e86", size = 357324, upload-time = "2021-07-14T08:19:19.783Z" }
wheels = [
    { url = "https://files.pythonhosted.org/packages/36/7a/87837f39d0296e723bb9b62bbb257d0355c7f6128853c78955f57342a56d/python_dateutil-2.8.2-py2.py3-none-any.whl", hash = "sha256:961d03dc3453ebbc59dbdea9e4e11c5651520a876d0f4db161e8674aae935da9", size = 247702, upload-time = "2021-07-14T08:19:18.161Z" },
]

[[package]]
name = "python-dotenv"
version = "1.0.0"
source = { registry = "https://pypi.org/simple" }
sdist = { url = "https://files.pythonhosted.org/packages/31/06/1ef763af20d0572c032fa22882cfbfb005fba6e7300715a37840858c919e/python-dotenv-1.0.0.tar.gz", hash = "sha256:a8df96034aae6d2d50a4ebe8216326c61c3eb64836776504fcca410e5937a3ba", size = 37399, upload-time = "2023-02-24T06:46:37.282Z" }
wheels = [
    { url = "https://files.pythonhosted.org/packages/44/2f/62ea1c8b593f4e093cc1a7768f0d46112107e790c3e478532329e434f00b/python_dotenv-1.0.0-py3-none-any.whl", hash = "sha256:f5971a9226b701070a4bf2c38c89e5a3f0d64de8debda981d1db98583009122a", size = 19482, upload-time = "2023-02-24T06:46:36.009Z" },
]

[[package]]
name = "pytz"
version = "2023.3.post1"
source = { registry = "https://pypi.org/simple" }
sdist = { url = "https://files.pythonhosted.org/packages/69/4f/7bf883f12ad496ecc9514cd9e267b29a68b3e9629661a2bbc24f80eff168/pytz-2023.3.post1.tar.gz", hash = "sha256:7b4fddbeb94a1eba4b557da24f19fdf9db575192544270a9101d8509f9f43d7b", size = 316899, upload-time = "2023-09-05T01:56:58.535Z" }
wheels = [
    { url = "https://files.pythonhosted.org/packages/32/4d/aaf7eff5deb402fd9a24a1449a8119f00d74ae9c2efa79f8ef9994261fc2/pytz-2023.3.post1-py2.py3-none-any.whl", hash = "sha256:ce42d816b81b68506614c11e8937d3aa9e41007ceb50bfdcb0749b921bf646c7", size = 502454, upload-time = "2023-09-05T01:56:55.916Z" },
]

[[package]]
name = "requests"
version = "2.31.0"
source = { registry = "https://pypi.org/simple" }
dependencies = [
    { name = "certifi" },
    { name = "charset-normalizer" },
    { name = "idna" },
    { name = "urllib3" },
]
sdist = { url = "https://files.pythonhosted.org/packages/9d/be/10918a2eac4ae9f02f6cfe6414b7a155ccd8f7f9d4380d62fd5b955065c3/requests-2.31.0.tar.gz", hash = "sha256:942c5a758f98d790eaed1a29cb6eefc7ffb0d1cf7af05c3d2791656dbd6ad1e1", size = 110794, upload-time = "2023-05-22T15:12:44.175Z" }
wheels = [
    { url = "https://files.pythonhosted.org/packages/70/8e/0e2d847013cb52cd35b38c009bb167a1a26b2ce6cd6965bf26b47bc0bf44/requests-2.31.0-py3-none-any.whl", hash = "sha256:58cd2187c01e70e6e26505bca751777aa9f2ee0b7f4300988b709f44e013003f", size = 62574, upload-time = "2023-05-22T15:12:42.313Z" },
]

[[package]]
name = "rsa"
version = "4.9"
source = { registry = "https://pypi.org/simple" }
dependencies = [
    { name = "pyasn1" },
]
sdist = { url = "https://files.pythonhosted.org/packages/aa/65/7d973b89c4d2351d7fb232c2e452547ddfa243e93131e7cfa766da627b52/rsa-4.9.tar.gz", hash = "sha256:e38464a49c6c85d7f1351b0126661487a7e0a14a50f1675ec50eb34d4f20ef21", size = 29711, upload-time = "2022-07-20T10:28:36.115Z" }
wheels = [
    { url = "https://files.pythonhosted.org/packages/49/97/fa78e3d2f65c02c8e1268b9aba606569fe97f6c8f7c2d74394553347c145/rsa-4.9-py3-none-any.whl", hash = "sha256:90260d9058e514786967344d0ef75fa8727eed8a7d2e43ce9f4bcf1b536174f7", size = 34315, upload-time = "2022-07-20T10:28:34.978Z" },
]

[[package]]
name = "six"
version = "1.16.0"
source = { registry = "https://pypi.org/simple" }
sdist = { url = "https://files.pythonhosted.org/packages/71/39/171f1c67cd00715f190ba0b100d606d440a28c93c7714febeca8b79af85e/six-1.16.0.tar.gz", hash = "sha256:1e61c37477a1626458e36f7b1d82aa5c9b094fa4802892072e49de9c60c4c926", size = 34041, upload-time = "2021-05-05T14:18:18.379Z" }
wheels = [
    { url = "https://files.pythonhosted.org/packages/d9/5a/e7c31adbe875f2abbb91bd84cf2dc52d792b5a01506781dbcf25c91daf11/six-1.16.0-py2.py3-none-any.whl", hash = "sha256:8abb2f1d86890a2dfb989f9a77cfcfd3e47c2a354b01111771326f8aa26e0254", size = 11053, upload-time = "2021-05-05T14:18:17.237Z" },
]

[[package]]
name = "tzdata"
version = "2023.3"
source = { registry = "https://pypi.org/simple" }
sdist = { url = "https://files.pythonhosted.org/packages/70/e5/81f99b9fced59624562ab62a33df639a11b26c582be78864b339dafa420d/tzdata-2023.3.tar.gz", hash = "sha256:11ef1e08e54acb0d4f95bdb1be05da659673de4acbd21bf9c69e94cc5e907a3a", size = 187483, upload-time = "2023-03-29T01:41:04.086Z" }
wheels = [
    { url = "https://files.pythonhosted.org/packages/d5/fb/a79efcab32b8a1f1ddca7f35109a50e4a80d42ac1c9187ab46522b2407d7/tzdata-2023.3-py2.py3-none-any.whl", hash = "sha256:7e65763eef3120314099b6939b5546db7adce1e7d6f2e179e3df563c70511eda", size = 341835, upload-time = "2023-03-29T01:41:02.776Z" },
]

[[package]]
name = "urllib3"
version = "2.1.0"
source = { registry = "https://pypi.org/simple" }
sdist = { url = "https://files.pythonhosted.org/packages/36/dd/a6b232f449e1bc71802a5b7950dc3675d32c6dbc2a1bd6d71f065551adb6/urllib3-2.1.0.tar.gz", hash = "sha256:df7aa8afb0148fa78488e7899b2c59b5f4ffcfa82e6c54ccb9dd37c1d7b52d54", size = 263900, upload-time = "2023-11-13T12:29:45.049Z" }
wheels = [
    { url = "https://files.pythonhosted.org/packages/96/94/c31f58c7a7f470d5665935262ebd7455c7e4c7782eb525658d3dbf4b9403/urllib3-2.1.0-py3-none-any.whl", hash = "sha256:55901e917a5896a349ff771be919f8bd99aff50b79fe58fec595eb37bbc56bb3", size = 104579, upload-time = "2023-11-13T12:29:42.719Z" },
]
